
Microsoft Visual Studio Solution File, Format Version 12.00
# Visual Studio 14
VisualStudioVersion = 14.0.24720.0
MinimumVisualStudioVersion = 10.0.40219.1
Project("{FAE04EC0-301F-11D3-BF4B-00C04F79EFBC}") = "LAB.DAL", "LAB.Core\LAB.DAL.csproj", "{A6EDBDBC-476B-4D7D-9C81-259CDBE6B5A2}"
EndProject
Project("{FAE04EC0-301F-11D3-BF4B-00C04F79EFBC}") = "LAB.BLL", "LAB.BLL\LAB.BLL.csproj", "{F670CB31-FF71-470B-BCCF-674EBD841E34}"
EndProject
Project("{FAE04EC0-301F-11D3-BF4B-00C04F79EFBC}") = "LAB.User", "LAB.User\LAB.User.csproj", "{6F858519-AAB6-4AF3-9BBA-40F37ED1EBE5}"
EndProject
Project("{FAE04EC0-301F-11D3-BF4B-00C04F79EFBC}") = "LAB.Repository", "LAB.Repository\LAB.Repository.csproj", "{AB2DC245-2C64-4327-9AA4-6D97B01973AF}"
EndProject
Global
	GlobalSection(SolutionConfigurationPlatforms) = preSolution
		Debug|Any CPU = Debug|Any CPU
		Release|Any CPU = Release|Any CPU
	EndGlobalSection
	GlobalSection(ProjectConfigurationPlatforms) = postSolution
		{A6EDBDBC-476B-4D7D-9C81-259CDBE6B5A2}.Debug|Any CPU.ActiveCfg = Debug|Any CPU
		{A6EDBDBC-476B-4D7D-9C81-259CDBE6B5A2}.Debug|Any CPU.Build.0 = Debug|Any CPU
		{A6EDBDBC-476B-4D7D-9C81-259CDBE6B5A2}.Release|Any CPU.ActiveCfg = Release|Any CPU
		{A6EDBDBC-476B-4D7D-9C81-259CDBE6B5A2}.Release|Any CPU.Build.0 = Release|Any CPU
		{F670CB31-FF71-470B-BCCF-674EBD841E34}.Debug|Any CPU.ActiveCfg = Debug|Any CPU
		{F670CB31-FF71-470B-BCCF-674EBD841E34}.Debug|Any CPU.Build.0 = Debug|Any CPU
		{F670CB31-FF71-470B-BCCF-674EBD841E34}.Release|Any CPU.ActiveCfg = Release|Any CPU
		{F670CB31-FF71-470B-BCCF-674EBD841E34}.Release|Any CPU.Build.0 = Release|Any CPU
		{6F858519-AAB6-4AF3-9BBA-40F37ED1EBE5}.Debug|Any CPU.ActiveCfg = Debug|Any CPU
		{6F858519-AAB6-4AF3-9BBA-40F37ED1EBE5}.Debug|Any CPU.Build.0 = Debug|Any CPU
		{6F858519-AAB6-4AF3-9BBA-40F37ED1EBE5}.Release|Any CPU.ActiveCfg = Release|Any CPU
		{6F858519-AAB6-4AF3-9BBA-40F37ED1EBE5}.Release|Any CPU.Build.0 = Release|Any CPU
		{AB2DC245-2C64-4327-9AA4-6D97B01973AF}.Debug|Any CPU.ActiveCfg = Debug|Any CPU
		{AB2DC245-2C64-4327-9AA4-6D97B01973AF}.Debug|Any CPU.Build.0 = Debug|Any CPU
		{AB2DC245-2C64-4327-9AA4-6D97B01973AF}.Release|Any CPU.ActiveCfg = Release|Any CPU
		{AB2DC245-2C64-4327-9AA4-6D97B01973AF}.Release|Any CPU.Build.0 = Release|Any CPU
	EndGlobalSection
	GlobalSection(SolutionProperties) = preSolution
		HideSolutionNode = FALSE
	EndGlobalSection
EndGlobal
